{
  "name": "bdmusic",
  "version": "1.0.0",
  "lockfileVersion": 1,
  "requires": true,
  "dependencies": {
    "object-assign": {
      "version": "4.1.1",
      "resolved": "http://registry.npm.taobao.org/object-assign/download/object-assign-4.1.1.tgz",
      "integrity": "sha1-IQmtx5ZYh8/AXLvUQsrIv7s2CGM=",
      "dev": true
    },
    "octicons": {
      "version": "8.4.1",
      "resolved": "http://registry.npm.taobao.org/octicons/download/octicons-8.4.1.tgz",
      "integrity": "sha1-zMOhe6lWJ4pkOQ02G/uIvhihlcc=",
      "dev": true,
      "requires": {
        "object-assign": "4.1.1"
      }
    }
  }
}
